github.com/google/uuid v1.1.0 h1:Jf4mxPC/ziBnoPIdpQdPJ9OeiomAUHLvxmPRSPH9m4s=
github.com/google/uuid v1.1.0/go.mod h1:TIyPZe4MgqvfeYDBFedMoGGpEw/LqOeaOT+nhxU+yHo=
github.com/gorilla/handlers v1.4.0 h1:XulKRWSQK5uChr4pEgSE4Tc/OcmnU9GJuSwdog/tZsA=
github.com/gorilla/handlers v1.4.0/go.mod h1:Qkdc/uu4tH4g6mTK6auzZ766c4CA0Ng8+o/OAirnOIQ=
github.com/gorilla/mux v1.6.2 h1:Pgr17XVTNXAk3q/r4CpKzC5xBM/qW1uVLV+IhRZpIIk=
github.com/gorilla/mux v1.6.2/go.mod h1:1lud6UwP+6orDFRuTfBEV8e9/aOM/c4fVVCaMa2zaAs=
github.com/kevinmichaelchen/my-go-utils v0.0.1 h1:2ur1WcBW1grYLo2bH2D5EBN34UU2VnhjeDbbNh2YQGA=
github.com/kevinmichaelchen/my-go-utils v0.0.1/go.mod h1:tgfP04CYhqhVVFZ+fgXrgbETBGSoy0VFjRaQ5O5OHmk=
github.com/neo4j-drivers/gobolt v1.7.1 h1:Y9XwI2pPQZm7ZOaKukIzmnJUJDVph7G/Cs7e18Pxfo4=
github.com/neo4j-drivers/gobolt v1.7.1/go.mod h1:O9AUbip4Dgre+CD3p40dnMD4a4r52QBIfblg5k7CTbE=
github.com/neo4j/neo4j-go-driver v1.7.1 h1:dyhtC72WZ0mZtNJ32+w7GPqkcN9CL0W8VtOTApnrNC0=
github.com/neo4j/neo4j-go-driver v1.7.1/go.mod h1:aPO0vVr+WnhEJne+FgFjfsjzAnssPFLucHgGZ76Zb/U=
